// !$*UTF8*$!
{
	archiveVersion = 1;
	classes = {
	};
	objectVersion = 55;
	objects = {

/* Begin PBXBuildFile section */
		BB9480A626A8C73A0022445D /* Presenting_ViewsApp.swift in Sources */ = {isa = PBXBuildFile; fileRef = BB9480A526A8C73A0022445D /* Presenting_ViewsApp.swift */; };
		BB9480A826A8C73A0022445D /* ContentView.swift in Sources */ = {isa = PBXBuildFile; fileRef = BB9480A726A8C73A0022445D /* ContentView.swift */; };
		BB9480AA26A8C73B0022445D /* Assets.xcassets in Resources */ = {isa = PBXBuildFile; fileRef = BB9480A926A8C73B0022445D /* Assets.xcassets */; };
		BB9480AD26A8C73B0022445D /* Preview Assets.xcassets in Resources */ = {isa = PBXBuildFile; fileRef = BB9480AC26A8C73B0022445D /* Preview Assets.xcassets */; };
		BB9480B426A8D9F90022445D /* CustomButtonStyles.swift in Sources */ = {isa = PBXBuildFile; fileRef = BB9480B326A8D9F90022445D /* CustomButtonStyles.swift */; };
		BB9480B626A8D9FF0022445D /* SelectedColor.swift in Sources */ = {isa = PBXBuildFile; fileRef = BB9480B526A8D9FF0022445D /* SelectedColor.swift */; };
		BB9480B826A8DA2E0022445D /* HomeView.swift in Sources */ = {isa = PBXBuildFile; fileRef = BB9480B726A8DA2E0022445D /* HomeView.swift */; };
		BB9480BA26A8DA430022445D /* PushedView.swift in Sources */ = {isa = PBXBuildFile; fileRef = BB9480B926A8DA430022445D /* PushedView.swift */; };
		BB9480BC26A8DA500022445D /* SheetView.swift in Sources */ = {isa = PBXBuildFile; fileRef = BB9480BB26A8DA500022445D /* SheetView.swift */; };
/* End PBXBuildFile section */

/* Begin PBXFileReference section */
		BB9480A226A8C73A0022445D /* Presenting Views.app */ = {isa = PBXFileReference; explicitFileType = wrapper.application; includeInIndex = 0; path = "Presenting Views.app"; sourceTree = BUILT_PRODUCTS_DIR; };
		BB9480A526A8C73A0022445D /* Presenting_ViewsApp.swift */ = {isa = PBXFileReference; lastKnownFileType = sourcecode.swift; path = Presenting_ViewsApp.swift; sourceTree = "<group>"; };
		BB9480A726A8C73A0022445D /* ContentView.swift */ = {isa = PBXFileReference; lastKnownFileType = sourcecode.swift; path = ContentView.swift; sourceTree = "<group>"; };
		BB9480A926A8C73B0022445D /* Assets.xcassets */ = {isa = PBXFileReference; lastKnownFileType = folder.assetcatalog; path = Assets.xcassets; sourceTree = "<group>"; };
		BB9480AC26A8C73B0022445D /* Preview Assets.xcassets */ = {isa = PBXFileReference; lastKnownFileType = folder.assetcatalog; path = "Preview Assets.xcassets"; sourceTree = "<group>"; };
		BB9480B326A8D9F90022445D /* CustomButtonStyles.swift */ = {isa = PBXFileReference; fileEncoding = 4; lastKnownFileType = sourcecode.swift; path = CustomButtonStyles.swift; sourceTree = "<group>"; };
		BB9480B526A8D9FF0022445D /* SelectedColor.swift */ = {isa = PBXFileReference; fileEncoding = 4; lastKnownFileType = sourcecode.swift; path = SelectedColor.swift; sourceTree = "<group>"; };
		BB9480B726A8DA2E0022445D /* HomeView.swift */ = {isa = PBXFileReference; lastKnownFileType = sourcecode.swift; path = HomeView.swift; sourceTree = "<group>"; };
		BB9480B926A8DA430022445D /* PushedView.swift */ = {isa = PBXFileReference; lastKnownFileType = sourcecode.swift; path = PushedView.swift; sourceTree = "<group>"; };
		BB9480BB26A8DA500022445D /* SheetView.swift */ = {isa = PBXFileReference; lastKnownFileType = sourcecode.swift; path = SheetView.swift; sourceTree = "<group>"; };
/* End PBXFileReference section */

/* Begin PBXFrameworksBuildPhase section */
		BB94809F26A8C73A0022445D /* Frameworks */ = {
			isa = PBXFrameworksBuildPhase;
			buildActionMask = 2147483647;
			files = (
			);
			runOnlyForDeploymentPostprocessing = 0;
		};
/* End PBXFrameworksBuildPhase section */

/* Begin PBXGroup section */
		BB94809926A8C73A0022445D = {
			isa = PBXGroup;
			children = (
				BB9480A426A8C73A0022445D /* Presenting Views */,
				BB9480A326A8C73A0022445D /* Products */,
			);
			sourceTree = "<group>";
		};
		BB9480A326A8C73A0022445D /* Products */ = {
			isa = PBXGroup;
			children = (
				BB9480A226A8C73A0022445D /* Presenting Views.app */,
			);
			name = Products;
			sourceTree = "<group>";
		};
		BB9480A426A8C73A0022445D /* Presenting Views */ = {
			isa = PBXGroup;
			children = (
				BB9480A526A8C73A0022445D /* Presenting_ViewsApp.swift */,
				BB9480A726A8C73A0022445D /* ContentView.swift */,
				BB9480B726A8DA2E0022445D /* HomeView.swift */,
				BB9480B926A8DA430022445D /* PushedView.swift */,
				BB9480BB26A8DA500022445D /* SheetView.swift */,
				BB9480A926A8C73B0022445D /* Assets.xcassets */,
				BB9480B326A8D9F90022445D /* CustomButtonStyles.swift */,
				BB9480B526A8D9FF0022445D /* SelectedColor.swift */,
				BB9480AB26A8C73B0022445D /* Preview Content */,
			);
			path = "Presenting Views";
			sourceTree = "<group>";
		};
		BB9480AB26A8C73B0022445D /* Preview Content */ = {
			isa = PBXGroup;
			children = (
				BB9480AC26A8C73B0022445D /* Preview Assets.xcassets */,
			);
			path = "Preview Content";
			sourceTree = "<group>";
		};
/* End PBXGroup section */

/* Begin PBXNativeTarget section */
		BB9480A126A8C73A0022445D /* Presenting Views */ = {
			isa = PBXNativeTarget;
			buildConfigurationList = BB9480B026A8C73B0022445D /* Build configuration list for PBXNativeTarget "Presenting Views" */;
			buildPhases = (
				BB94809E26A8C73A0022445D /* Sources */,
				BB94809F26A8C73A0022445D /* Frameworks */,
				BB9480A026A8C73A0022445D /* Resources */,
			);
			buildRules = (
			);
			dependencies = (
			);
			name = "Presenting Views";
			productName = "Presenting Views";
			productReference = BB9480A226A8C73A0022445D /* Presenting Views.app */;
			productType = "com.apple.product-type.application";
		};
/* End PBXNativeTarget section */

/* Begin PBXProject section */
		BB94809A26A8C73A0022445D /* Project object */ = {
			isa = PBXProject;
			attributes = {
				BuildIndependentTargetsInParallel = 1;
				LastSwiftUpdateCheck = 1300;
				LastUpgradeCheck = 1300;
				TargetAttributes = {
					BB9480A126A8C73A0022445D = {
						CreatedOnToolsVersion = 13.0;
					};
				};
			};
			buildConfigurationList = BB94809D26A8C73A0022445D /* Build configuration list for PBXProject "Presenting Views" */;
			compatibilityVersion = "Xcode 13.0";
			developmentRegion = en;
			hasScannedForEncodings = 0;
			knownRegions = (
				en,
				Base,
			);
			mainGroup = BB94809926A8C73A0022445D;
			productRefGroup = BB9480A326A8C73A0022445D /* Products */;
			projectDirPath = "";
			projectRoot = "";
			targets = (
				BB9480A126A8C73A0022445D /* Presenting Views */,
			);
		};
/* End PBXProject section */

/* Begin PBXResourcesBuildPhase section */
		BB9480A026A8C73A0022445D /* Resources */ = {
			isa = PBXResourcesBuildPhase;
			buildActionMask = 2147483647;
			files = (
				BB9480AD26A8C73B0022445D /* Preview Assets.xcassets in Resources */,
				BB9480AA26A8C73B0022445D /* Assets.xcassets in Resources */,
			);
			runOnlyForDeploymentPostprocessing = 0;
		};
/* End PBXResourcesBuildPhase section */

/* Begin PBXSourcesBuildPhase section */
		BB94809E26A8C73A0022445D /* Sources */ = {
			isa = PBXSourcesBuildPhase;
			buildActionMask = 2147483647;
			files = (
				BB9480A826A8C73A0022445D /* ContentView.swift in Sources */,
				BB9480BC26A8DA500022445D /* SheetView.swift in Sources */,
				BB9480BA26A8DA430022445D /* PushedView.swift in Sources */,
				BB9480A626A8C73A0022445D /* Presenting_ViewsApp.swift in Sources */,
				BB9480B626A8D9FF0022445D /* SelectedColor.swift in Sources */,
				BB9480B826A8DA2E0022445D /* HomeView.swift in Sources */,
				BB9480B426A8D9F90022445D /* CustomButtonStyles.swift in Sources */,
			);
			runOnlyForDeploymentPostprocessing = 0;
		};
/* End PBXSourcesBuildPhase section */

/* Begin XCBuildConfiguration section */
		BB9480AE26A8C73B0022445D /* Debug */ = {
			isa = XCBuildConfiguration;
			buildSettings = {
				ALWAYS_SEARCH_USER_PATHS = NO;
				CLANG_ANALYZER_NONNULL = YES;
				CLANG_ANALYZER_NUMBER_OBJECT_CONVERSION = YES_AGGRESSIVE;
				CLANG_CXX_LANGUAGE_STANDARD = "gnu++17";
				CLANG_CXX_LIBRARY = "libc++";
				CLANG_ENABLE_MODULES = YES;
				CLANG_ENABLE_OBJC_ARC = YES;
				CLANG_ENABLE_OBJC_WEAK = YES;
				CLANG_WARN_BLOCK_CAPTURE_AUTORELEASING = YES;
				CLANG_WARN_BOOL_CONVERSION = YES;
				CLANG_WARN_COMMA = YES;
				CLANG_WARN_CONSTANT_CONVERSION = YES;
				CLANG_WARN_DEPRECATED_OBJC_IMPLEMENTATIONS = YES;
				CLANG_WARN_DIRECT_OBJC_ISA_USAGE = YES_ERROR;
				CLANG_WARN_DOCUMENTATION_COMMENTS = YES;
				CLANG_WARN_EMPTY_BODY = YES;
				CLANG_WARN_ENUM_CONVERSION = YES;
				CLANG_WARN_INFINITE_RECURSION = YES;
				CLANG_WARN_INT_CONVERSION = YES;
				CLANG_WARN_NON_LITERAL_NULL_CONVERSION = YES;
				CLANG_WARN_OBJC_IMPLICIT_RETAIN_SELF = YES;
				CLANG_WARN_OBJC_LITERAL_CONVERSION = YES;
				CLANG_WARN_OBJC_ROOT_CLASS = YES_ERROR;
				CLANG_WARN_QUOTED_INCLUDE_IN_FRAMEWORK_HEADER = YES;
				CLANG_WARN_RANGE_LOOP_ANALYSIS = YES;
				CLANG_WARN_STRICT_PROTOTYPES = YES;
				CLANG_WARN_SUSPICIOUS_MOVE = YES;
				CLANG_WARN_UNGUARDED_AVAILABILITY = YES_AGGRESSIVE;
				CLANG_WARN_UNREACHABLE_CODE = YES;
				CLANG_WARN__DUPLICATE_METHOD_MATCH = YES;
				COPY_PHASE_STRIP = NO;
				DEBUG_INFORMATION_FORMAT = dwarf;
				ENABLE_STRICT_OBJC_MSGSEND = YES;
				ENABLE_TESTABILITY = YES;
				GCC_C_LANGUAGE_STANDARD = gnu11;
				GCC_DYNAMIC_NO_PIC = NO;
				GCC_NO_COMMON_BLOCKS = YES;
				GCC_OPTIMIZATION_LEVEL = 0;
				GCC_PREPROCESSOR_DEFINITIONS = (
					"DEBUG=1",
					"$(inherited)",
				);
				GCC_WARN_64_TO_32_BIT_CONVERSION = YES;
				GCC_WARN_ABOUT_RETURN_TYPE = YES_ERROR;
				GCC_WARN_UNDECLARED_SELECTOR = YES;
				GCC_WARN_UNINITIALIZED_AUTOS = YES_AGGRESSIVE;
				GCC_WARN_UNUSED_FUNCTION = YES;
				GCC_WARN_UNUSED_VARIABLE = YES;
				IPHONEOS_DEPLOYMENT_TARGET = 15.0;
				MTL_ENABLE_DEBUG_INFO = INCLUDE_SOURCE;
				MTL_FAST_MATH = YES;
				ONLY_ACTIVE_ARCH = YES;
				SDKROOT = iphoneos;
				SWIFT_ACTIVE_COMPILATION_CONDITIONS = DEBUG;
				SWIFT_OPTIMIZATION_LEVEL = "-Onone";
			};
			name = Debug;
		};
		BB9480AF26A8C73B0022445D /* Release */ = {
			isa = XCBuildConfiguration;
			buildSettings = {
				ALWAYS_SEARCH_USER_PATHS = NO;
				CLANG_ANALYZER_NONNULL = YES;
				CLANG_ANALYZER_NUMBER_OBJECT_CONVERSION = YES_AGGRESSIVE;
				CLANG_CXX_LANGUAGE_STANDARD = "gnu++17";
				CLANG_CXX_LIBRARY = "libc++";
				CLANG_ENABLE_MODULES = YES;
				CLANG_ENABLE_OBJC_ARC = YES;
				CLANG_ENABLE_OBJC_WEAK = YES;
				CLANG_WARN_BLOCK_CAPTURE_AUTORELEASING = YES;
				CLANG_WARN_BOOL_CONVERSION = YES;
				CLANG_WARN_COMMA = YES;
				CLANG_WARN_CONSTANT_CONVERSION = YES;
				CLANG_WARN_DEPRECATED_OBJC_IMPLEMENTATIONS = YES;
				CLANG_WARN_DIRECT_OBJC_ISA_USAGE = YES_ERROR;
				CLANG_WARN_DOCUMENTATION_COMMENTS = YES;
				CLANG_WARN_EMPTY_BODY = YES;
				CLANG_WARN_ENUM_CONVERSION = YES;
				CLANG_WARN_INFINITE_RECURSION = YES;
				CLANG_WARN_INT_CONVERSION = YES;
				CLANG_WARN_NON_LITERAL_NULL_CONVERSION = YES;
				CLANG_WARN_OBJC_IMPLICIT_RETAIN_SELF = YES;
				CLANG_WARN_OBJC_LITERAL_CONVERSION = YES;
				CLANG_WARN_OBJC_ROOT_CLASS = YES_ERROR;
				CLANG_WARN_QUOTED_INCLUDE_IN_FRAMEWORK_HEADER = YES;
				CLANG_WARN_RANGE_LOOP_ANALYSIS = YES;
				CLANG_WARN_STRICT_PROTOTYPES = YES;
				CLANG_WARN_SUSPICIOUS_MOVE = YES;
				CLANG_WARN_UNGUARDED_AVAILABILITY = YES_AGGRESSIVE;
				CLANG_WARN_UNREACHABLE_CODE = YES;
				CLANG_WARN__DUPLICATE_METHOD_MATCH = YES;
				COPY_PHASE_STRIP = NO;
				DEBUG_INFORMATION_FORMAT = "dwarf-with-dsym";
				ENABLE_NS_ASSERTIONS = NO;
				ENABLE_STRICT_OBJC_MSGSEND = YES;
				GCC_C_LANGUAGE_STANDARD = gnu11;
				GCC_NO_COMMON_BLOCKS = YES;
				GCC_WARN_64_TO_32_BIT_CONVERSION = YES;
				GCC_WARN_ABOUT_RETURN_TYPE = YES_ERROR;
				GCC_WARN_UNDECLARED_SELECTOR = YES;
				GCC_WARN_UNINITIALIZED_AUTOS = YES_AGGRESSIVE;
				GCC_WARN_UNUSED_FUNCTION = YES;
				GCC_WARN_UNUSED_VARIABLE = YES;
				IPHONEOS_DEPLOYMENT_TARGET = 15.0;
				MTL_ENABLE_DEBUG_INFO = NO;
				MTL_FAST_MATH = YES;
				SDKROOT = iphoneos;
				SWIFT_COMPILATION_MODE = wholemodule;
				SWIFT_OPTIMIZATION_LEVEL = "-O";
				VALIDATE_PRODUCT = YES;
			};
			name = Release;
		};
		BB9480B126A8C73B0022445D /* Debug */ = {
			isa = XCBuildConfiguration;
			buildSettings = {
				ASSETCATALOG_COMPILER_APPICON_NAME = AppIcon;
				ASSETCATALOG_COMPILER_GLOBAL_ACCENT_COLOR_NAME = AccentColor;
				CODE_SIGN_STYLE = Automatic;
				CURRENT_PROJECT_VERSION = 1;
				DEVELOPMENT_ASSET_PATHS = "\"Presenting Views/Preview Content\"";
				DEVELOPMENT_TEAM = RKV4UP49S6;
				ENABLE_PREVIEWS = YES;
				GENERATE_INFOPLIST_FILE = YES;
				INFOPLIST_KEY_UIApplicationSceneManifest_Generation = YES;
				INFOPLIST_KEY_UIApplicationSupportsIndirectInputEvents = YES;
				INFOPLIST_KEY_UILaunchScreen_Generation = YES;
				INFOPLIST_KEY_UISupportedInterfaceOrientations_iPad = "UIInterfaceOrientationPortrait UIInterfaceOrientationPortraitUpsideDown UIInterfaceOrientationLandscapeLeft UIInterfaceOrientationLandscapeRight";
				INFOPLIST_KEY_UISupportedInterfaceOrientations_iPhone = "UIInterfaceOrientationPortrait UIInterfaceOrientationLandscapeLeft UIInterfaceOrientationLandscapeRight";
				IPHONEOS_DEPLOYMENT_TARGET = 15.0;
				LD_RUNPATH_SEARCH_PATHS = (
					"$(inherited)",
					"@executable_path/Frameworks",
				);
				MARKETING_VERSION = 1.0;
				PRODUCT_BUNDLE_IDENTIFIER = "com.createchsol.Presenting-Views";
				PRODUCT_NAME = "$(TARGET_NAME)";
				SWIFT_EMIT_LOC_STRINGS = YES;
				SWIFT_VERSION = 5.0;
				TARGETED_DEVICE_FAMILY = "1,2";
			};
			name = Debug;
		};
		BB9480B226A8C73B0022445D /* Release */ = {
			isa = XCBuildConfiguration;
			buildSettings = {
				ASSETCATALOG_COMPILER_APPICON_NAME = AppIcon;
				ASSETCATALOG_COMPILER_GLOBAL_ACCENT_COLOR_NAME = AccentColor;
				CODE_SIGN_STYLE = Automatic;
				CURRENT_PROJECT_VERSION = 1;
				DEVELOPMENT_ASSET_PATHS = "\"Presenting Views/Preview Content\"";
				DEVELOPMENT_TEAM = RKV4UP49S6;
				ENABLE_PREVIEWS = YES;
				GENERATE_INFOPLIST_FILE = YES;
				INFOPLIST_KEY_UIApplicationSceneManifest_Generation = YES;
				INFOPLIST_KEY_UIApplicationSupportsIndirectInputEvents = YES;
				INFOPLIST_KEY_UILaunchScreen_Generation = YES;
				INFOPLIST_KEY_UISupportedInterfaceOrientations_iPad = "UIInterfaceOrientationPortrait UIInterfaceOrientationPortraitUpsideDown UIInterfaceOrientationLandscapeLeft UIInterfaceOrientationLandscapeRight";
				INFOPLIST_KEY_UISupportedInterfaceOrientations_iPhone = "UIInterfaceOrientationPortrait UIInterfaceOrientationLandscapeLeft UIInterfaceOrientationLandscapeRight";
				IPHONEOS_DEPLOYMENT_TARGET = 15.0;
				LD_RUNPATH_SEARCH_PATHS = (
					"$(inherited)",
					"@executable_path/Frameworks",
				);
				MARKETING_VERSION = 1.0;
				PRODUCT_BUNDLE_IDENTIFIER = "com.createchsol.Presenting-Views";
				PRODUCT_NAME = "$(TARGET_NAME)";
				SWIFT_EMIT_LOC_STRINGS = YES;
				SWIFT_VERSION = 5.0;
				TARGETED_DEVICE_FAMILY = "1,2";
			};
			name = Release;
		};
/* End XCBuildConfiguration section */

/* Begin XCConfigurationList section */
		BB94809D26A8C73A0022445D /* Build configuration list for PBXProject "Presenting Views" */ = {
			isa = XCConfigurationList;
			buildConfigurations = (
				BB9480AE26A8C73B0022445D /* Debug */,
				BB9480AF26A8C73B0022445D /* Release */,
			);
			defaultConfigurationIsVisible = 0;
			defaultConfigurationName = Release;
		};
		BB9480B026A8C73B0022445D /* Build configuration list for PBXNativeTarget "Presenting Views" */ = {
			isa = XCConfigurationList;
			buildConfigurations = (
				BB9480B126A8C73B0022445D /* Debug */,
				BB9480B226A8C73B0022445D /* Release */,
			);
			defaultConfigurationIsVisible = 0;
			defaultConfigurationName = Release;
		};
/* End XCConfigurationList section */
	};
	rootObject = BB94809A26A8C73A0022445D /* Project object */;
}
